
Microsoft Visual Studio Solution File, Format Version 12.00
# Visual Studio Version 16
VisualStudioVersion = 16.0.30804.86
MinimumVisualStudioVersion = 10.0.40219.1
Project("{FAE04EC0-301F-11D3-BF4B-00C04F79EFBC}") = "EGvilagUpdater", "EGvilagLauncher2\EGvilagUpdater.csproj", "{66475A97-0356-423D-AACF-C76C6A407D4A}"
EndProject
Global
	GlobalSection(SolutionConfigurationPlatforms) = preSolution
		Debug|Any CPU = Debug|Any CPU
		Release|Any CPU = Release|Any CPU
	EndGlobalSection
	GlobalSection(ProjectConfigurationPlatforms) = postSolution
		{66475A97-0356-423D-AACF-C76C6A407D4A}.Debug|Any CPU.ActiveCfg = Debug|Any CPU
		{66475A97-0356-423D-AACF-C76C6A407D4A}.Debug|Any CPU.Build.0 = Debug|Any CPU
		{66475A97-0356-423D-AACF-C76C6A407D4A}.Release|Any CPU.ActiveCfg = Release|Any CPU
		{66475A97-0356-423D-AACF-C76C6A407D4A}.Release|Any CPU.Build.0 = Release|Any CPU
	EndGlobalSection
	GlobalSection(SolutionProperties) = preSolution
		HideSolutionNode = FALSE
	EndGlobalSection
	GlobalSection(ExtensibilityGlobals) = postSolution
		SolutionGuid = {60BCFF26-EED8-475F-B020-FB503E5B854F}
	EndGlobalSection
EndGlobal
